
Microsoft Visual Studio Solution File, Format Version 12.00
# Visual Studio 15
Project("{FAE04EC0-301F-11D3-BF4B-00C04F79EFBC}") = "Assembly-CSharp", "Assembly-CSharp.csproj", "{5DB81B69-FC65-D3E0-47AD-225EC5DADFD8}"
EndProject
Project("{FAE04EC0-301F-11D3-BF4B-00C04F79EFBC}") = "Assembly-CSharp-Editor", "Assembly-CSharp-Editor.csproj", "{D544C7A3-7790-96F6-2283-17653E9F7E6D}"
EndProject
Global
	GlobalSection(SolutionConfigurationPlatforms) = preSolution
		Debug|Any CPU = Debug|Any CPU
		Release|Any CPU = Release|Any CPU
	EndGlobalSection
	GlobalSection(ProjectConfigurationPlatforms) = postSolution
		{5DB81B69-FC65-D3E0-47AD-225EC5DADFD8}.Debug|Any CPU.ActiveCfg = Debug|Any CPU
		{5DB81B69-FC65-D3E0-47AD-225EC5DADFD8}.Debug|Any CPU.Build.0 = Debug|Any CPU
		{5DB81B69-FC65-D3E0-47AD-225EC5DADFD8}.Release|Any CPU.ActiveCfg = Release|Any CPU
		{5DB81B69-FC65-D3E0-47AD-225EC5DADFD8}.Release|Any CPU.Build.0 = Release|Any CPU
		{D544C7A3-7790-96F6-2283-17653E9F7E6D}.Debug|Any CPU.ActiveCfg = Debug|Any CPU
		{D544C7A3-7790-96F6-2283-17653E9F7E6D}.Debug|Any CPU.Build.0 = Debug|Any CPU
		{D544C7A3-7790-96F6-2283-17653E9F7E6D}.Release|Any CPU.ActiveCfg = Release|Any CPU
		{D544C7A3-7790-96F6-2283-17653E9F7E6D}.Release|Any CPU.Build.0 = Release|Any CPU
	EndGlobalSection
	GlobalSection(SolutionProperties) = preSolution
		HideSolutionNode = FALSE
	EndGlobalSection
EndGlobal
